
Microsoft Visual Studio Solution File, Format Version 12.00
# Visual Studio Version 16
VisualStudioVersion = 16.0.30517.126
MinimumVisualStudioVersion = 10.0.40219.1
Project("{888888A0-9F3D-457C-B088-3A5042F75D52}") = "PLA", "PLA.pyproj", "{F6C31764-6998-424E-9A48-C3236CB9929D}"
EndProject
Global
	GlobalSection(SolutionConfigurationPlatforms) = preSolution
		Debug|Any CPU = Debug|Any CPU
		Release|Any CPU = Release|Any CPU
	EndGlobalSection
	GlobalSection(ProjectConfigurationPlatforms) = postSolution
		{F6C31764-6998-424E-9A48-C3236CB9929D}.Debug|Any CPU.ActiveCfg = Debug|Any CPU
		{F6C31764-6998-424E-9A48-C3236CB9929D}.Release|Any CPU.ActiveCfg = Release|Any CPU
	EndGlobalSection
	GlobalSection(SolutionProperties) = preSolution
		HideSolutionNode = FALSE
	EndGlobalSection
	GlobalSection(ExtensibilityGlobals) = postSolution
		SolutionGuid = {9D31BF3A-CFD9-43A9-8B06-E268BC36C0AB}
	EndGlobalSection
EndGlobal
